{
  "name": "priceempire-favorite-markets",
  "version": "1.0.0",
  "lockfileVersion": 3,
  "requires": true,
  "packages": {
    "": {
      "name": "priceempire-favorite-markets",
      "version": "1.0.0",
      "license": "ISC",
      "devDependencies": {
        "@types/greasemonkey": "^4.0.7"
      }
    },
    "node_modules/@types/greasemonkey": {
      "version": "4.0.7",
      "resolved": "https://registry.npmjs.org/@types/greasemonkey/-/greasemonkey-4.0.7.tgz",
      "integrity": "sha512-DuYBRf/T4zixO/xhQ3eicZCBjjOgbSSXuHP5XkLNf/UBayrJpBniP9il/AQaPy0lffl4Bco48zgHL+pZmQ6Q0A==",
      "dev": true,
      "license": "MIT"
    }
  }
}
